// !$*UTF8*$!
{
	archiveVersion = 1;
	classes = {
	};
	objectVersion = 48;
	objects = {

/* Begin PBXBuildFile section */
		1BF09EC4202278EA00B09C23 /* AppDelegate.swift in Sources */ = {isa = PBXBuildFile; fileRef = 1BF09EC3202278EA00B09C23 /* AppDelegate.swift */; };
		1BF09EC6202278EA00B09C23 /* ViewController.swift in Sources */ = {isa = PBXBuildFile; fileRef = 1BF09EC5202278EA00B09C23 /* ViewController.swift */; };
		1BF09EC9202278EA00B09C23 /* Main.storyboard in Resources */ = {isa = PBXBuildFile; fileRef = 1BF09EC7202278EA00B09C23 /* Main.storyboard */; };
		1BF09ECB202278EA00B09C23 /* Assets.xcassets in Resources */ = {isa = PBXBuildFile; fileRef = 1BF09ECA202278EA00B09C23 /* Assets.xcassets */; };
		1BF09ECE202278EA00B09C23 /* LaunchScreen.storyboard in Resources */ = {isa = PBXBuildFile; fileRef = 1BF09ECC202278EA00B09C23 /* LaunchScreen.storyboard */; };
		1BF09ED9202278EB00B09C23 /* Lab1_TumblrTests.swift in Sources */ = {isa = PBXBuildFile; fileRef = 1BF09ED8202278EB00B09C23 /* Lab1_TumblrTests.swift */; };
		1BF09EE4202278EB00B09C23 /* Lab1_TumblrUITests.swift in Sources */ = {isa = PBXBuildFile; fileRef = 1BF09EE3202278EB00B09C23 /* Lab1_TumblrUITests.swift */; };
/* End PBXBuildFile section */

/* Begin PBXContainerItemProxy section */
		1BF09ED5202278EB00B09C23 /* PBXContainerItemProxy */ = {
			isa = PBXContainerItemProxy;
			containerPortal = 1BF09EB8202278EA00B09C23 /* Project object */;
			proxyType = 1;
			remoteGlobalIDString = 1BF09EBF202278EA00B09C23;
			remoteInfo = Lab1_Tumblr;
		};
		1BF09EE0202278EB00B09C23 /* PBXContainerItemProxy */ = {
			isa = PBXContainerItemProxy;
			containerPortal = 1BF09EB8202278EA00B09C23 /* Project object */;
			proxyType = 1;
			remoteGlobalIDString = 1BF09EBF202278EA00B09C23;
			remoteInfo = Lab1_Tumblr;
		};
/* End PBXContainerItemProxy section */

/* Begin PBXFileReference section */
		1BF09EC0202278EA00B09C23 /* Lab1_Tumblr.app */ = {isa = PBXFileReference; explicitFileType = wrapper.application; includeInIndex = 0; path = Lab1_Tumblr.app; sourceTree = BUILT_PRODUCTS_DIR; };
		1BF09EC3202278EA00B09C23 /* AppDelegate.swift */ = {isa = PBXFileReference; lastKnownFileType = sourcecode.swift; path = AppDelegate.swift; sourceTree = "<group>"; };
		1BF09EC5202278EA00B09C23 /* ViewController.swift */ = {isa = PBXFileReference; lastKnownFileType = sourcecode.swift; path = ViewController.swift; sourceTree = "<group>"; };
		1BF09EC8202278EA00B09C23 /* Base */ = {isa = PBXFileReference; lastKnownFileType = file.storyboard; name = Base; path = Base.lproj/Main.storyboard; sourceTree = "<group>"; };
		1BF09ECA202278EA00B09C23 /* Assets.xcassets */ = {isa = PBXFileReference; lastKnownFileType = folder.assetcatalog; path = Assets.xcassets; sourceTree = "<group>"; };
		1BF09ECD202278EA00B09C23 /* Base */ = {isa = PBXFileReference; lastKnownFileType = file.storyboard; name = Base; path = Base.lproj/LaunchScreen.storyboard; sourceTree = "<group>"; };
		1BF09ECF202278EA00B09C23 /* Info.plist */ = {isa = PBXFileReference; lastKnownFileType = text.plist.xml; path = Info.plist; sourceTree = "<group>"; };
		1BF09ED4202278EB00B09C23 /* Lab1_TumblrTests.xctest */ = {isa = PBXFileReference; explicitFileType = wrapper.cfbundle; includeInIndex = 0; path = Lab1_TumblrTests.xctest; sourceTree = BUILT_PRODUCTS_DIR; };
		1BF09ED8202278EB00B09C23 /* Lab1_TumblrTests.swift */ = {isa = PBXFileReference; lastKnownFileType = sourcecode.swift; path = Lab1_TumblrTests.swift; sourceTree = "<group>"; };
		1BF09EDA202278EB00B09C23 /* Info.plist */ = {isa = PBXFileReference; lastKnownFileType = text.plist.xml; path = Info.plist; sourceTree = "<group>"; };
		1BF09EDF202278EB00B09C23 /* Lab1_TumblrUITests.xctest */ = {isa = PBXFileReference; explicitFileType = wrapper.cfbundle; includeInIndex = 0; path = Lab1_TumblrUITests.xctest; sourceTree = BUILT_PRODUCTS_DIR; };
		1BF09EE3202278EB00B09C23 /* Lab1_TumblrUITests.swift */ = {isa = PBXFileReference; lastKnownFileType = sourcecode.swift; path = Lab1_TumblrUITests.swift; sourceTree = "<group>"; };
		1BF09EE5202278EB00B09C23 /* Info.plist */ = {isa = PBXFileReference; lastKnownFileType = text.plist.xml; path = Info.plist; sourceTree = "<group>"; };
/* End PBXFileReference section */

/* Begin PBXFrameworksBuildPhase section */
		1BF09EBD202278EA00B09C23 /* Frameworks */ = {
			isa = PBXFrameworksBuildPhase;
			buildActionMask = 2147483647;
			files = (
			);
			runOnlyForDeploymentPostprocessing = 0;
		};
		1BF09ED1202278EB00B09C23 /* Frameworks */ = {
			isa = PBXFrameworksBuildPhase;
			buildActionMask = 2147483647;
			files = (
			);
			runOnlyForDeploymentPostprocessing = 0;
		};
		1BF09EDC202278EB00B09C23 /* Frameworks */ = {
			isa = PBXFrameworksBuildPhase;
			buildActionMask = 2147483647;
			files = (
			);
			runOnlyForDeploymentPostprocessing = 0;
		};
/* End PBXFrameworksBuildPhase section */

/* Begin PBXGroup section */
		1BF09EB7202278EA00B09C23 = {
			isa = PBXGroup;
			children = (
				1BF09EC2202278EA00B09C23 /* Lab1_Tumblr */,
				1BF09ED7202278EB00B09C23 /* Lab1_TumblrTests */,
				1BF09EE2202278EB00B09C23 /* Lab1_TumblrUITests */,
				1BF09EC1202278EA00B09C23 /* Products */,
			);
			sourceTree = "<group>";
		};
		1BF09EC1202278EA00B09C23 /* Products */ = {
			isa = PBXGroup;
			children = (
				1BF09EC0202278EA00B09C23 /* Lab1_Tumblr.app */,
				1BF09ED4202278EB00B09C23 /* Lab1_TumblrTests.xctest */,
				1BF09EDF202278EB00B09C23 /* Lab1_TumblrUITests.xctest */,
			);
			name = Products;
			sourceTree = "<group>";
		};
		1BF09EC2202278EA00B09C23 /* Lab1_Tumblr */ = {
			isa = PBXGroup;
			children = (
				1BF09EC3202278EA00B09C23 /* AppDelegate.swift */,
				1BF09EC5202278EA00B09C23 /* ViewController.swift */,
				1BF09EC7202278EA00B09C23 /* Main.storyboard */,
				1BF09ECA202278EA00B09C23 /* Assets.xcassets */,
				1BF09ECC202278EA00B09C23 /* LaunchScreen.storyboard */,
				1BF09ECF202278EA00B09C23 /* Info.plist */,
			);
			path = Lab1_Tumblr;
			sourceTree = "<group>";
		};
		1BF09ED7202278EB00B09C23 /* Lab1_TumblrTests */ = {
			isa = PBXGroup;
			children = (
				1BF09ED8202278EB00B09C23 /* Lab1_TumblrTests.swift */,
				1BF09EDA202278EB00B09C23 /* Info.plist */,
			);
			path = Lab1_TumblrTests;
			sourceTree = "<group>";
		};
		1BF09EE2202278EB00B09C23 /* Lab1_TumblrUITests */ = {
			isa = PBXGroup;
			children = (
				1BF09EE3202278EB00B09C23 /* Lab1_TumblrUITests.swift */,
				1BF09EE5202278EB00B09C23 /* Info.plist */,
			);
			path = Lab1_TumblrUITests;
			sourceTree = "<group>";
		};
/* End PBXGroup section */

/* Begin PBXNativeTarget section */
		1BF09EBF202278EA00B09C23 /* Lab1_Tumblr */ = {
			isa = PBXNativeTarget;
			buildConfigurationList = 1BF09EE8202278EB00B09C23 /* Build configuration list for PBXNativeTarget "Lab1_Tumblr" */;
			buildPhases = (
				1BF09EBC202278EA00B09C23 /* Sources */,
				1BF09EBD202278EA00B09C23 /* Frameworks */,
				1BF09EBE202278EA00B09C23 /* Resources */,
			);
			buildRules = (
			);
			dependencies = (
			);
			name = Lab1_Tumblr;
			productName = Lab1_Tumblr;
			productReference = 1BF09EC0202278EA00B09C23 /* Lab1_Tumblr.app */;
			productType = "com.apple.product-type.application";
		};
		1BF09ED3202278EB00B09C23 /* Lab1_TumblrTests */ = {
			isa = PBXNativeTarget;
			buildConfigurationList = 1BF09EEB202278EB00B09C23 /* Build configuration list for PBXNativeTarget "Lab1_TumblrTests" */;
			buildPhases = (
				1BF09ED0202278EB00B09C23 /* Sources */,
				1BF09ED1202278EB00B09C23 /* Frameworks */,
				1BF09ED2202278EB00B09C23 /* Resources */,
			);
			buildRules = (
			);
			dependencies = (
				1BF09ED6202278EB00B09C23 /* PBXTargetDependency */,
			);
			name = Lab1_TumblrTests;
			productName = Lab1_TumblrTests;
			productReference = 1BF09ED4202278EB00B09C23 /* Lab1_TumblrTests.xctest */;
			productType = "com.apple.product-type.bundle.unit-test";
		};
		1BF09EDE202278EB00B09C23 /* Lab1_TumblrUITests */ = {
			isa = PBXNativeTarget;
			buildConfigurationList = 1BF09EEE202278EB00B09C23 /* Build configuration list for PBXNativeTarget "Lab1_TumblrUITests" */;
			buildPhases = (
				1BF09EDB202278EB00B09C23 /* Sources */,
				1BF09EDC202278EB00B09C23 /* Frameworks */,
				1BF09EDD202278EB00B09C23 /* Resources */,
			);
			buildRules = (
			);
			dependencies = (
				1BF09EE1202278EB00B09C23 /* PBXTargetDependency */,
			);
			name = Lab1_TumblrUITests;
			productName = Lab1_TumblrUITests;
			productReference = 1BF09EDF202278EB00B09C23 /* Lab1_TumblrUITests.xctest */;
			productType = "com.apple.product-type.bundle.ui-testing";
		};
/* End PBXNativeTarget section */

/* Begin PBXProject section */
		1BF09EB8202278EA00B09C23 /* Project object */ = {
			isa = PBXProject;
			attributes = {
				LastSwiftUpdateCheck = 0920;
				LastUpgradeCheck = 0920;
				ORGANIZATIONNAME = "Honorio Vega";
				TargetAttributes = {
					1BF09EBF202278EA00B09C23 = {
						CreatedOnToolsVersion = 9.2;
						ProvisioningStyle = Automatic;
					};
					1BF09ED3202278EB00B09C23 = {
						CreatedOnToolsVersion = 9.2;
						ProvisioningStyle = Automatic;
						TestTargetID = 1BF09EBF202278EA00B09C23;
					};
					1BF09EDE202278EB00B09C23 = {
						CreatedOnToolsVersion = 9.2;
						ProvisioningStyle = Automatic;
						TestTargetID = 1BF09EBF202278EA00B09C23;
					};
				};
			};
			buildConfigurationList = 1BF09EBB202278EA00B09C23 /* Build configuration list for PBXProject "Lab1_Tumblr" */;
			compatibilityVersion = "Xcode 8.0";
			developmentRegion = en;
			hasScannedForEncodings = 0;
			knownRegions = (
				en,
				Base,
			);
			mainGroup = 1BF09EB7202278EA00B09C23;
			productRefGroup = 1BF09EC1202278EA00B09C23 /* Products */;
			projectDirPath = "";
			projectRoot = "";
			targets = (
				1BF09EBF202278EA00B09C23 /* Lab1_Tumblr */,
				1BF09ED3202278EB00B09C23 /* Lab1_TumblrTests */,
				1BF09EDE202278EB00B09C23 /* Lab1_TumblrUITests */,
			);
		};
/* End PBXProject section */

/* Begin PBXResourcesBuildPhase section */
		1BF09EBE202278EA00B09C23 /* Resources */ = {
			isa = PBXResourcesBuildPhase;
			buildActionMask = 2147483647;
			files = (
				1BF09ECE202278EA00B09C23 /* LaunchScreen.storyboard in Resources */,
				1BF09ECB202278EA00B09C23 /* Assets.xcassets in Resources */,
				1BF09EC9202278EA00B09C23 /* Main.storyboard in Resources */,
			);
			runOnlyForDeploymentPostprocessing = 0;
		};
		1BF09ED2202278EB00B09C23 /* Resources */ = {
			isa = PBXResourcesBuildPhase;
			buildActionMask = 2147483647;
			files = (
			);
			runOnlyForDeploymentPostprocessing = 0;
		};
		1BF09EDD202278EB00B09C23 /* Resources */ = {
			isa = PBXResourcesBuildPhase;
			buildActionMask = 2147483647;
			files = (
			);
			runOnlyForDeploymentPostprocessing = 0;
		};
/* End PBXResourcesBuildPhase section */

/* Begin PBXSourcesBuildPhase section */
		1BF09EBC202278EA00B09C23 /* Sources */ = {
			isa = PBXSourcesBuildPhase;
			buildActionMask = 2147483647;
			files = (
				1BF09EC6202278EA00B09C23 /* ViewController.swift in Sources */,
				1BF09EC4202278EA00B09C23 /* AppDelegate.swift in Sources */,
			);
			runOnlyForDeploymentPostprocessing = 0;
		};
		1BF09ED0202278EB00B09C23 /* Sources */ = {
			isa = PBXSourcesBuildPhase;
			buildActionMask = 2147483647;
			files = (
				1BF09ED9202278EB00B09C23 /* Lab1_TumblrTests.swift in Sources */,
			);
			runOnlyForDeploymentPostprocessing = 0;
		};
		1BF09EDB202278EB00B09C23 /* Sources */ = {
			isa = PBXSourcesBuildPhase;
			buildActionMask = 2147483647;
			files = (
				1BF09EE4202278EB00B09C23 /* Lab1_TumblrUITests.swift in Sources */,
			);
			runOnlyForDeploymentPostprocessing = 0;
		};
/* End PBXSourcesBuildPhase section */

/* Begin PBXTargetDependency section */
		1BF09ED6202278EB00B09C23 /* PBXTargetDependency */ = {
			isa = PBXTargetDependency;
			target = 1BF09EBF202278EA00B09C23 /* Lab1_Tumblr */;
			targetProxy = 1BF09ED5202278EB00B09C23 /* PBXContainerItemProxy */;
		};
		1BF09EE1202278EB00B09C23 /* PBXTargetDependency */ = {
			isa = PBXTargetDependency;
			target = 1BF09EBF202278EA00B09C23 /* Lab1_Tumblr */;
			targetProxy = 1BF09EE0202278EB00B09C23 /* PBXContainerItemProxy */;
		};
/* End PBXTargetDependency section */

/* Begin PBXVariantGroup section */
		1BF09EC7202278EA00B09C23 /* Main.storyboard */ = {
			isa = PBXVariantGroup;
			children = (
				1BF09EC8202278EA00B09C23 /* Base */,
			);
			name = Main.storyboard;
			sourceTree = "<group>";
		};
		1BF09ECC202278EA00B09C23 /* LaunchScreen.storyboard */ = {
			isa = PBXVariantGroup;
			children = (
				1BF09ECD202278EA00B09C23 /* Base */,
			);
			name = LaunchScreen.storyboard;
			sourceTree = "<group>";
		};
/* End PBXVariantGroup section */

/* Begin XCBuildConfiguration section */
		1BF09EE6202278EB00B09C23 /* Debug */ = {
			isa = XCBuildConfiguration;
			buildSettings = {
				ALWAYS_SEARCH_USER_PATHS = NO;
				CLANG_ANALYZER_NONNULL = YES;
				CLANG_ANALYZER_NUMBER_OBJECT_CONVERSION = YES_AGGRESSIVE;
				CLANG_CXX_LANGUAGE_STANDARD = "gnu++14";
				CLANG_CXX_LIBRARY = "libc++";
				CLANG_ENABLE_MODULES = YES;
				CLANG_ENABLE_OBJC_ARC = YES;
				CLANG_WARN_BLOCK_CAPTURE_AUTORELEASING = YES;
				CLANG_WARN_BOOL_CONVERSION = YES;
				CLANG_WARN_COMMA = YES;
				CLANG_WARN_CONSTANT_CONVERSION = YES;
				CLANG_WARN_DIRECT_OBJC_ISA_USAGE = YES_ERROR;
				CLANG_WARN_DOCUMENTATION_COMMENTS = YES;
				CLANG_WARN_EMPTY_BODY = YES;
				CLANG_WARN_ENUM_CONVERSION = YES;
				CLANG_WARN_INFINITE_RECURSION = YES;
				CLANG_WARN_INT_CONVERSION = YES;
				CLANG_WARN_NON_LITERAL_NULL_CONVERSION = YES;
				CLANG_WARN_OBJC_LITERAL_CONVERSION = YES;
				CLANG_WARN_OBJC_ROOT_CLASS = YES_ERROR;
				CLANG_WARN_RANGE_LOOP_ANALYSIS = YES;
				CLANG_WARN_STRICT_PROTOTYPES = YES;
				CLANG_WARN_SUSPICIOUS_MOVE = YES;
				CLANG_WARN_UNGUARDED_AVAILABILITY = YES_AGGRESSIVE;
				CLANG_WARN_UNREACHABLE_CODE = YES;
				CLANG_WARN__DUPLICATE_METHOD_MATCH = YES;
				CODE_SIGN_IDENTITY = "iPhone Developer";
				COPY_PHASE_STRIP = NO;
				DEBUG_INFORMATION_FORMAT = dwarf;
				ENABLE_STRICT_OBJC_MSGSEND = YES;
				ENABLE_TESTABILITY = YES;
				GCC_C_LANGUAGE_STANDARD = gnu11;
				GCC_DYNAMIC_NO_PIC = NO;
				GCC_NO_COMMON_BLOCKS = YES;
				GCC_OPTIMIZATION_LEVEL = 0;
				GCC_PREPROCESSOR_DEFINITIONS = (
					"DEBUG=1",
					"$(inherited)",
				);
				GCC_WARN_64_TO_32_BIT_CONVERSION = YES;
				GCC_WARN_ABOUT_RETURN_TYPE = YES_ERROR;
				GCC_WARN_UNDECLARED_SELECTOR = YES;
				GCC_WARN_UNINITIALIZED_AUTOS = YES_AGGRESSIVE;
				GCC_WARN_UNUSED_FUNCTION = YES;
				GCC_WARN_UNUSED_VARIABLE = YES;
				IPHONEOS_DEPLOYMENT_TARGET = 11.2;
				MTL_ENABLE_DEBUG_INFO = YES;
				ONLY_ACTIVE_ARCH = YES;
				SDKROOT = iphoneos;
				SWIFT_ACTIVE_COMPILATION_CONDITIONS = DEBUG;
				SWIFT_OPTIMIZATION_LEVEL = "-Onone";
			};
			name = Debug;
		};
		1BF09EE7202278EB00B09C23 /* Release */ = {
			isa = XCBuildConfiguration;
			buildSettings = {
				ALWAYS_SEARCH_USER_PATHS = NO;
				CLANG_ANALYZER_NONNULL = YES;
				CLANG_ANALYZER_NUMBER_OBJECT_CONVERSION = YES_AGGRESSIVE;
				CLANG_CXX_LANGUAGE_STANDARD = "gnu++14";
				CLANG_CXX_LIBRARY = "libc++";
				CLANG_ENABLE_MODULES = YES;
				CLANG_ENABLE_OBJC_ARC = YES;
				CLANG_WARN_BLOCK_CAPTURE_AUTORELEASING = YES;
				CLANG_WARN_BOOL_CONVERSION = YES;
				CLANG_WARN_COMMA = YES;
				CLANG_WARN_CONSTANT_CONVERSION = YES;
				CLANG_WARN_DIRECT_OBJC_ISA_USAGE = YES_ERROR;
				CLANG_WARN_DOCUMENTATION_COMMENTS = YES;
				CLANG_WARN_EMPTY_BODY = YES;
				CLANG_WARN_ENUM_CONVERSION = YES;
				CLANG_WARN_INFINITE_RECURSION = YES;
				CLANG_WARN_INT_CONVERSION = YES;
				CLANG_WARN_NON_LITERAL_NULL_CONVERSION = YES;
				CLANG_WARN_OBJC_LITERAL_CONVERSION = YES;
				CLANG_WARN_OBJC_ROOT_CLASS = YES_ERROR;
				CLANG_WARN_RANGE_LOOP_ANALYSIS = YES;
				CLANG_WARN_STRICT_PROTOTYPES = YES;
				CLANG_WARN_SUSPICIOUS_MOVE = YES;
				CLANG_WARN_UNGUARDED_AVAILABILITY = YES_AGGRESSIVE;
				CLANG_WARN_UNREACHABLE_CODE = YES;
				CLANG_WARN__DUPLICATE_METHOD_MATCH = YES;
				CODE_SIGN_IDENTITY = "iPhone Developer";
				COPY_PHASE_STRIP = NO;
				DEBUG_INFORMATION_FORMAT = "dwarf-with-dsym";
				ENABLE_NS_ASSERTIONS = NO;
				ENABLE_STRICT_OBJC_MSGSEND = YES;
				GCC_C_LANGUAGE_STANDARD = gnu11;
				GCC_NO_COMMON_BLOCKS = YES;
				GCC_WARN_64_TO_32_BIT_CONVERSION = YES;
				GCC_WARN_ABOUT_RETURN_TYPE = YES_ERROR;
				GCC_WARN_UNDECLARED_SELECTOR = YES;
				GCC_WARN_UNINITIALIZED_AUTOS = YES_AGGRESSIVE;
				GCC_WARN_UNUSED_FUNCTION = YES;
				GCC_WARN_UNUSED_VARIABLE = YES;
				IPHONEOS_DEPLOYMENT_TARGET = 11.2;
				MTL_ENABLE_DEBUG_INFO = NO;
				SDKROOT = iphoneos;
				SWIFT_OPTIMIZATION_LEVEL = "-Owholemodule";
				VALIDATE_PRODUCT = YES;
			};
			name = Release;
		};
		1BF09EE9202278EB00B09C23 /* Debug */ = {
			isa = XCBuildConfiguration;
			buildSettings = {
				ASSETCATALOG_COMPILER_APPICON_NAME = AppIcon;
				CODE_SIGN_STYLE = Automatic;
				INFOPLIST_FILE = Lab1_Tumblr/Info.plist;
				LD_RUNPATH_SEARCH_PATHS = "$(inherited) @executable_path/Frameworks";
				PRODUCT_BUNDLE_IDENTIFIER = "com.honoriovega.Lab1-Tumblr";
				PRODUCT_NAME = "$(TARGET_NAME)";
				SWIFT_VERSION = 4.0;
				TARGETED_DEVICE_FAMILY = "1,2";
			};
			name = Debug;
		};
		1BF09EEA202278EB00B09C23 /* Release */ = {
			isa = XCBuildConfiguration;
			buildSettings = {
				ASSETCATALOG_COMPILER_APPICON_NAME = AppIcon;
				CODE_SIGN_STYLE = Automatic;
				INFOPLIST_FILE = Lab1_Tumblr/Info.plist;
				LD_RUNPATH_SEARCH_PATHS = "$(inherited) @executable_path/Frameworks";
				PRODUCT_BUNDLE_IDENTIFIER = "com.honoriovega.Lab1-Tumblr";
				PRODUCT_NAME = "$(TARGET_NAME)";
				SWIFT_VERSION = 4.0;
				TARGETED_DEVICE_FAMILY = "1,2";
			};
			name = Release;
		};
		1BF09EEC202278EB00B09C23 /* Debug */ = {
			isa = XCBuildConfiguration;
			buildSettings = {
				ALWAYS_EMBED_SWIFT_STANDARD_LIBRARIES = YES;
				BUNDLE_LOADER = "$(TEST_HOST)";
				CODE_SIGN_STYLE = Automatic;
				INFOPLIST_FILE = Lab1_TumblrTests/Info.plist;
				LD_RUNPATH_SEARCH_PATHS = "$(inherited) @executable_path/Frameworks @loader_path/Frameworks";
				PRODUCT_BUNDLE_IDENTIFIER = "com.honoriovega.Lab1-TumblrTests";
				PRODUCT_NAME = "$(TARGET_NAME)";
				SWIFT_VERSION = 4.0;
				TARGETED_DEVICE_FAMILY = "1,2";
				TEST_HOST = "$(BUILT_PRODUCTS_DIR)/Lab1_Tumblr.app/Lab1_Tumblr";
			};
			name = Debug;
		};
		1BF09EED202278EB00B09C23 /* Release */ = {
			isa = XCBuildConfiguration;
			buildSettings = {
				ALWAYS_EMBED_SWIFT_STANDARD_LIBRARIES = YES;
				BUNDLE_LOADER = "$(TEST_HOST)";
				CODE_SIGN_STYLE = Automatic;
				INFOPLIST_FILE = Lab1_TumblrTests/Info.plist;
				LD_RUNPATH_SEARCH_PATHS = "$(inherited) @executable_path/Frameworks @loader_path/Frameworks";
				PRODUCT_BUNDLE_IDENTIFIER = "com.honoriovega.Lab1-TumblrTests";
				PRODUCT_NAME = "$(TARGET_NAME)";
				SWIFT_VERSION = 4.0;
				TARGETED_DEVICE_FAMILY = "1,2";
				TEST_HOST = "$(BUILT_PRODUCTS_DIR)/Lab1_Tumblr.app/Lab1_Tumblr";
			};
			name = Release;
		};
		1BF09EEF202278EB00B09C23 /* Debug */ = {
			isa = XCBuildConfiguration;
			buildSettings = {
				ALWAYS_EMBED_SWIFT_STANDARD_LIBRARIES = YES;
				CODE_SIGN_STYLE = Automatic;
				INFOPLIST_FILE = Lab1_TumblrUITests/Info.plist;
				LD_RUNPATH_SEARCH_PATHS = "$(inherited) @executable_path/Frameworks @loader_path/Frameworks";
				PRODUCT_BUNDLE_IDENTIFIER = "com.honoriovega.Lab1-TumblrUITests";
				PRODUCT_NAME = "$(TARGET_NAME)";
				SWIFT_VERSION = 4.0;
				TARGETED_DEVICE_FAMILY = "1,2";
				TEST_TARGET_NAME = Lab1_Tumblr;
			};
			name = Debug;
		};
		1BF09EF0202278EB00B09C23 /* Release */ = {
			isa = XCBuildConfiguration;
			buildSettings = {
				ALWAYS_EMBED_SWIFT_STANDARD_LIBRARIES = YES;
				CODE_SIGN_STYLE = Automatic;
				INFOPLIST_FILE = Lab1_TumblrUITests/Info.plist;
				LD_RUNPATH_SEARCH_PATHS = "$(inherited) @executable_path/Frameworks @loader_path/Frameworks";
				PRODUCT_BUNDLE_IDENTIFIER = "com.honoriovega.Lab1-TumblrUITests";
				PRODUCT_NAME = "$(TARGET_NAME)";
				SWIFT_VERSION = 4.0;
				TARGETED_DEVICE_FAMILY = "1,2";
				TEST_TARGET_NAME = Lab1_Tumblr;
			};
			name = Release;
		};
/* End XCBuildConfiguration section */

/* Begin XCConfigurationList section */
		1BF09EBB202278EA00B09C23 /* Build configuration list for PBXProject "Lab1_Tumblr" */ = {
			isa = XCConfigurationList;
			buildConfigurations = (
				1BF09EE6202278EB00B09C23 /* Debug */,
				1BF09EE7202278EB00B09C23 /* Release */,
			);
			defaultConfigurationIsVisible = 0;
			defaultConfigurationName = Release;
		};
		1BF09EE8202278EB00B09C23 /* Build configuration list for PBXNativeTarget "Lab1_Tumblr" */ = {
			isa = XCConfigurationList;
			buildConfigurations = (
				1BF09EE9202278EB00B09C23 /* Debug */,
				1BF09EEA202278EB00B09C23 /* Release */,
			);
			defaultConfigurationIsVisible = 0;
			defaultConfigurationName = Release;
		};
		1BF09EEB202278EB00B09C23 /* Build configuration list for PBXNativeTarget "Lab1_TumblrTests" */ = {
			isa = XCConfigurationList;
			buildConfigurations = (
				1BF09EEC202278EB00B09C23 /* Debug */,
				1BF09EED202278EB00B09C23 /* Release */,
			);
			defaultConfigurationIsVisible = 0;
			defaultConfigurationName = Release;
		};
		1BF09EEE202278EB00B09C23 /* Build configuration list for PBXNativeTarget "Lab1_TumblrUITests" */ = {
			isa = XCConfigurationList;
			buildConfigurations = (
				1BF09EEF202278EB00B09C23 /* Debug */,
				1BF09EF0202278EB00B09C23 /* Release */,
			);
			defaultConfigurationIsVisible = 0;
			defaultConfigurationName = Release;
		};
/* End XCConfigurationList section */
	};
	rootObject = 1BF09EB8202278EA00B09C23 /* Project object */;
}
